
Microsoft Visual Studio Solution File, Format Version 12.00
# Visual Studio Version 17
VisualStudioVersion = 17.9.34723.18
MinimumVisualStudioVersion = 10.0.40219.1
Project("{FAE04EC0-301F-11D3-BF4B-00C04F79EFBC}") = "projekt_timeperiod", "projekt_timeperiod\projekt_timeperiod.csproj", "{982404D6-EC4E-4F81-90D8-21CA52837828}"
EndProject
Global
	GlobalSection(SolutionConfigurationPlatforms) = preSolution
		Debug|Any CPU = Debug|Any CPU
		Release|Any CPU = Release|Any CPU
	EndGlobalSection
	GlobalSection(ProjectConfigurationPlatforms) = postSolution
		{982404D6-EC4E-4F81-90D8-21CA52837828}.Debug|Any CPU.ActiveCfg = Debug|Any CPU
		{982404D6-EC4E-4F81-90D8-21CA52837828}.Debug|Any CPU.Build.0 = Debug|Any CPU
		{982404D6-EC4E-4F81-90D8-21CA52837828}.Release|Any CPU.ActiveCfg = Release|Any CPU
		{982404D6-EC4E-4F81-90D8-21CA52837828}.Release|Any CPU.Build.0 = Release|Any CPU
	EndGlobalSection
	GlobalSection(SolutionProperties) = preSolution
		HideSolutionNode = FALSE
	EndGlobalSection
	GlobalSection(ExtensibilityGlobals) = postSolution
		SolutionGuid = {76FBA5BE-BDEB-481C-8F21-485385AA0A9F}
	EndGlobalSection
EndGlobal
